// !$*UTF8*$!
{
	archiveVersion = 1;
	classes = {
	};
	objectVersion = 50;
	objects = {

/* Begin PBXBuildFile section */
		0477330D250CCD1B00D03F15 /* AppDelegate.swift in Sources */ = {isa = PBXBuildFile; fileRef = 0477330C250CCD1B00D03F15 /* AppDelegate.swift */; };
		0477330F250CCD1B00D03F15 /* SceneDelegate.swift in Sources */ = {isa = PBXBuildFile; fileRef = 0477330E250CCD1B00D03F15 /* SceneDelegate.swift */; };
		04773311250CCD1B00D03F15 /* EntryView.swift in Sources */ = {isa = PBXBuildFile; fileRef = 04773310250CCD1B00D03F15 /* EntryView.swift */; };
		04773314250CCD1B00D03F15 /* Main.storyboard in Resources */ = {isa = PBXBuildFile; fileRef = 04773312250CCD1B00D03F15 /* Main.storyboard */; };
		04773317250CCD1B00D03F15 /* WallExample.xcdatamodeld in Sources */ = {isa = PBXBuildFile; fileRef = 04773315250CCD1B00D03F15 /* WallExample.xcdatamodeld */; };
		04773319250CCD1C00D03F15 /* Assets.xcassets in Resources */ = {isa = PBXBuildFile; fileRef = 04773318250CCD1C00D03F15 /* Assets.xcassets */; };
		0477331C250CCD1C00D03F15 /* LaunchScreen.storyboard in Resources */ = {isa = PBXBuildFile; fileRef = 0477331A250CCD1C00D03F15 /* LaunchScreen.storyboard */; };
		04773327250CCD1C00D03F15 /* WallExampleTests.swift in Sources */ = {isa = PBXBuildFile; fileRef = 04773326250CCD1C00D03F15 /* WallExampleTests.swift */; };
		04773333250CD05700D03F15 /* ListView.swift in Sources */ = {isa = PBXBuildFile; fileRef = 04773332250CD05700D03F15 /* ListView.swift */; };
		04773336250CE07500D03F15 /* ListItem.swift in Sources */ = {isa = PBXBuildFile; fileRef = 04773335250CE07500D03F15 /* ListItem.swift */; };
		04773339250D0DAC00D03F15 /* Post.swift in Sources */ = {isa = PBXBuildFile; fileRef = 04773338250D0DAC00D03F15 /* Post.swift */; };
		0477333C250D0E3300D03F15 /* Services.swift in Sources */ = {isa = PBXBuildFile; fileRef = 0477333B250D0E3300D03F15 /* Services.swift */; };
/* End PBXBuildFile section */

/* Begin PBXContainerItemProxy section */
		04773323250CCD1C00D03F15 /* PBXContainerItemProxy */ = {
			isa = PBXContainerItemProxy;
			containerPortal = 04773301250CCD1B00D03F15 /* Project object */;
			proxyType = 1;
			remoteGlobalIDString = 04773308250CCD1B00D03F15;
			remoteInfo = WallExample;
		};
/* End PBXContainerItemProxy section */

/* Begin PBXFileReference section */
		04773309250CCD1B00D03F15 /* WallExample.app */ = {isa = PBXFileReference; explicitFileType = wrapper.application; includeInIndex = 0; path = WallExample.app; sourceTree = BUILT_PRODUCTS_DIR; };
		0477330C250CCD1B00D03F15 /* AppDelegate.swift */ = {isa = PBXFileReference; lastKnownFileType = sourcecode.swift; path = AppDelegate.swift; sourceTree = "<group>"; };
		0477330E250CCD1B00D03F15 /* SceneDelegate.swift */ = {isa = PBXFileReference; lastKnownFileType = sourcecode.swift; path = SceneDelegate.swift; sourceTree = "<group>"; };
		04773310250CCD1B00D03F15 /* EntryView.swift */ = {isa = PBXFileReference; lastKnownFileType = sourcecode.swift; path = EntryView.swift; sourceTree = "<group>"; };
		04773313250CCD1B00D03F15 /* Base */ = {isa = PBXFileReference; lastKnownFileType = file.storyboard; name = Base; path = Base.lproj/Main.storyboard; sourceTree = "<group>"; };
		04773316250CCD1B00D03F15 /* WallExample.xcdatamodel */ = {isa = PBXFileReference; lastKnownFileType = wrapper.xcdatamodel; path = WallExample.xcdatamodel; sourceTree = "<group>"; };
		04773318250CCD1C00D03F15 /* Assets.xcassets */ = {isa = PBXFileReference; lastKnownFileType = folder.assetcatalog; path = Assets.xcassets; sourceTree = "<group>"; };
		0477331B250CCD1C00D03F15 /* Base */ = {isa = PBXFileReference; lastKnownFileType = file.storyboard; name = Base; path = Base.lproj/LaunchScreen.storyboard; sourceTree = "<group>"; };
		0477331D250CCD1C00D03F15 /* Info.plist */ = {isa = PBXFileReference; lastKnownFileType = text.plist.xml; path = Info.plist; sourceTree = "<group>"; };
		04773322250CCD1C00D03F15 /* WallExampleTests.xctest */ = {isa = PBXFileReference; explicitFileType = wrapper.cfbundle; includeInIndex = 0; path = WallExampleTests.xctest; sourceTree = BUILT_PRODUCTS_DIR; };
		04773326250CCD1C00D03F15 /* WallExampleTests.swift */ = {isa = PBXFileReference; lastKnownFileType = sourcecode.swift; path = WallExampleTests.swift; sourceTree = "<group>"; };
		04773328250CCD1C00D03F15 /* Info.plist */ = {isa = PBXFileReference; lastKnownFileType = text.plist.xml; path = Info.plist; sourceTree = "<group>"; };
		04773332250CD05700D03F15 /* ListView.swift */ = {isa = PBXFileReference; lastKnownFileType = sourcecode.swift; path = ListView.swift; sourceTree = "<group>"; };
		04773335250CE07500D03F15 /* ListItem.swift */ = {isa = PBXFileReference; lastKnownFileType = sourcecode.swift; path = ListItem.swift; sourceTree = "<group>"; };
		04773338250D0DAC00D03F15 /* Post.swift */ = {isa = PBXFileReference; lastKnownFileType = sourcecode.swift; path = Post.swift; sourceTree = "<group>"; };
		0477333B250D0E3300D03F15 /* Services.swift */ = {isa = PBXFileReference; lastKnownFileType = sourcecode.swift; path = Services.swift; sourceTree = "<group>"; };
/* End PBXFileReference section */

/* Begin PBXFrameworksBuildPhase section */
		04773306250CCD1B00D03F15 /* Frameworks */ = {
			isa = PBXFrameworksBuildPhase;
			buildActionMask = 2147483647;
			files = (
			);
			runOnlyForDeploymentPostprocessing = 0;
		};
		0477331F250CCD1C00D03F15 /* Frameworks */ = {
			isa = PBXFrameworksBuildPhase;
			buildActionMask = 2147483647;
			files = (
			);
			runOnlyForDeploymentPostprocessing = 0;
		};
/* End PBXFrameworksBuildPhase section */

/* Begin PBXGroup section */
		04773300250CCD1B00D03F15 = {
			isa = PBXGroup;
			children = (
				0477330B250CCD1B00D03F15 /* WallExample */,
				04773325250CCD1C00D03F15 /* WallExampleTests */,
				0477330A250CCD1B00D03F15 /* Products */,
			);
			sourceTree = "<group>";
		};
		0477330A250CCD1B00D03F15 /* Products */ = {
			isa = PBXGroup;
			children = (
				04773309250CCD1B00D03F15 /* WallExample.app */,
				04773322250CCD1C00D03F15 /* WallExampleTests.xctest */,
			);
			name = Products;
			sourceTree = "<group>";
		};
		0477330B250CCD1B00D03F15 /* WallExample */ = {
			isa = PBXGroup;
			children = (
				0477333A250D0E2400D03F15 /* Services */,
				04773337250D0D9E00D03F15 /* Model */,
				04773334250CDE5200D03F15 /* Component */,
				04773331250CCE9A00D03F15 /* Screens */,
				0477330C250CCD1B00D03F15 /* AppDelegate.swift */,
				0477330E250CCD1B00D03F15 /* SceneDelegate.swift */,
				04773312250CCD1B00D03F15 /* Main.storyboard */,
				04773318250CCD1C00D03F15 /* Assets.xcassets */,
				0477331A250CCD1C00D03F15 /* LaunchScreen.storyboard */,
				0477331D250CCD1C00D03F15 /* Info.plist */,
				04773315250CCD1B00D03F15 /* WallExample.xcdatamodeld */,
			);
			path = WallExample;
			sourceTree = "<group>";
		};
		04773325250CCD1C00D03F15 /* WallExampleTests */ = {
			isa = PBXGroup;
			children = (
				04773326250CCD1C00D03F15 /* WallExampleTests.swift */,
				04773328250CCD1C00D03F15 /* Info.plist */,
			);
			path = WallExampleTests;
			sourceTree = "<group>";
		};
		04773331250CCE9A00D03F15 /* Screens */ = {
			isa = PBXGroup;
			children = (
				04773310250CCD1B00D03F15 /* EntryView.swift */,
				04773332250CD05700D03F15 /* ListView.swift */,
			);
			path = Screens;
			sourceTree = "<group>";
		};
		04773334250CDE5200D03F15 /* Component */ = {
			isa = PBXGroup;
			children = (
				04773335250CE07500D03F15 /* ListItem.swift */,
			);
			path = Component;
			sourceTree = "<group>";
		};
		04773337250D0D9E00D03F15 /* Model */ = {
			isa = PBXGroup;
			children = (
				04773338250D0DAC00D03F15 /* Post.swift */,
			);
			path = Model;
			sourceTree = "<group>";
		};
		0477333A250D0E2400D03F15 /* Services */ = {
			isa = PBXGroup;
			children = (
				0477333B250D0E3300D03F15 /* Services.swift */,
			);
			path = Services;
			sourceTree = "<group>";
		};
/* End PBXGroup section */

/* Begin PBXNativeTarget section */
		04773308250CCD1B00D03F15 /* WallExample */ = {
			isa = PBXNativeTarget;
			buildConfigurationList = 0477332B250CCD1C00D03F15 /* Build configuration list for PBXNativeTarget "WallExample" */;
			buildPhases = (
				04773305250CCD1B00D03F15 /* Sources */,
				04773306250CCD1B00D03F15 /* Frameworks */,
				04773307250CCD1B00D03F15 /* Resources */,
			);
			buildRules = (
			);
			dependencies = (
			);
			name = WallExample;
			productName = WallExample;
			productReference = 04773309250CCD1B00D03F15 /* WallExample.app */;
			productType = "com.apple.product-type.application";
		};
		04773321250CCD1C00D03F15 /* WallExampleTests */ = {
			isa = PBXNativeTarget;
			buildConfigurationList = 0477332E250CCD1C00D03F15 /* Build configuration list for PBXNativeTarget "WallExampleTests" */;
			buildPhases = (
				0477331E250CCD1C00D03F15 /* Sources */,
				0477331F250CCD1C00D03F15 /* Frameworks */,
				04773320250CCD1C00D03F15 /* Resources */,
			);
			buildRules = (
			);
			dependencies = (
				04773324250CCD1C00D03F15 /* PBXTargetDependency */,
			);
			name = WallExampleTests;
			productName = WallExampleTests;
			productReference = 04773322250CCD1C00D03F15 /* WallExampleTests.xctest */;
			productType = "com.apple.product-type.bundle.unit-test";
		};
/* End PBXNativeTarget section */

/* Begin PBXProject section */
		04773301250CCD1B00D03F15 /* Project object */ = {
			isa = PBXProject;
			attributes = {
				LastSwiftUpdateCheck = 1140;
				LastUpgradeCheck = 1140;
				ORGANIZATIONNAME = Mac;
				TargetAttributes = {
					04773308250CCD1B00D03F15 = {
						CreatedOnToolsVersion = 11.4.1;
					};
					04773321250CCD1C00D03F15 = {
						CreatedOnToolsVersion = 11.4.1;
						TestTargetID = 04773308250CCD1B00D03F15;
					};
				};
			};
			buildConfigurationList = 04773304250CCD1B00D03F15 /* Build configuration list for PBXProject "WallExample" */;
			compatibilityVersion = "Xcode 9.3";
			developmentRegion = en;
			hasScannedForEncodings = 0;
			knownRegions = (
				en,
				Base,
			);
			mainGroup = 04773300250CCD1B00D03F15;
			productRefGroup = 0477330A250CCD1B00D03F15 /* Products */;
			projectDirPath = "";
			projectRoot = "";
			targets = (
				04773308250CCD1B00D03F15 /* WallExample */,
				04773321250CCD1C00D03F15 /* WallExampleTests */,
			);
		};
/* End PBXProject section */

/* Begin PBXResourcesBuildPhase section */
		04773307250CCD1B00D03F15 /* Resources */ = {
			isa = PBXResourcesBuildPhase;
			buildActionMask = 2147483647;
			files = (
				0477331C250CCD1C00D03F15 /* LaunchScreen.storyboard in Resources */,
				04773319250CCD1C00D03F15 /* Assets.xcassets in Resources */,
				04773314250CCD1B00D03F15 /* Main.storyboard in Resources */,
			);
			runOnlyForDeploymentPostprocessing = 0;
		};
		04773320250CCD1C00D03F15 /* Resources */ = {
			isa = PBXResourcesBuildPhase;
			buildActionMask = 2147483647;
			files = (
			);
			runOnlyForDeploymentPostprocessing = 0;
		};
/* End PBXResourcesBuildPhase section */

/* Begin PBXSourcesBuildPhase section */
		04773305250CCD1B00D03F15 /* Sources */ = {
			isa = PBXSourcesBuildPhase;
			buildActionMask = 2147483647;
			files = (
				04773336250CE07500D03F15 /* ListItem.swift in Sources */,
				04773317250CCD1B00D03F15 /* WallExample.xcdatamodeld in Sources */,
				04773311250CCD1B00D03F15 /* EntryView.swift in Sources */,
				04773333250CD05700D03F15 /* ListView.swift in Sources */,
				0477330D250CCD1B00D03F15 /* AppDelegate.swift in Sources */,
				0477333C250D0E3300D03F15 /* Services.swift in Sources */,
				04773339250D0DAC00D03F15 /* Post.swift in Sources */,
				0477330F250CCD1B00D03F15 /* SceneDelegate.swift in Sources */,
			);
			runOnlyForDeploymentPostprocessing = 0;
		};
		0477331E250CCD1C00D03F15 /* Sources */ = {
			isa = PBXSourcesBuildPhase;
			buildActionMask = 2147483647;
			files = (
				04773327250CCD1C00D03F15 /* WallExampleTests.swift in Sources */,
			);
			runOnlyForDeploymentPostprocessing = 0;
		};
/* End PBXSourcesBuildPhase section */

/* Begin PBXTargetDependency section */
		04773324250CCD1C00D03F15 /* PBXTargetDependency */ = {
			isa = PBXTargetDependency;
			target = 04773308250CCD1B00D03F15 /* WallExample */;
			targetProxy = 04773323250CCD1C00D03F15 /* PBXContainerItemProxy */;
		};
/* End PBXTargetDependency section */

/* Begin PBXVariantGroup section */
		04773312250CCD1B00D03F15 /* Main.storyboard */ = {
			isa = PBXVariantGroup;
			children = (
				04773313250CCD1B00D03F15 /* Base */,
			);
			name = Main.storyboard;
			sourceTree = "<group>";
		};
		0477331A250CCD1C00D03F15 /* LaunchScreen.storyboard */ = {
			isa = PBXVariantGroup;
			children = (
				0477331B250CCD1C00D03F15 /* Base */,
			);
			name = LaunchScreen.storyboard;
			sourceTree = "<group>";
		};
/* End PBXVariantGroup section */

/* Begin XCBuildConfiguration section */
		04773329250CCD1C00D03F15 /* Debug */ = {
			isa = XCBuildConfiguration;
			buildSettings = {
				ALWAYS_SEARCH_USER_PATHS = NO;
				CLANG_ANALYZER_NONNULL = YES;
				CLANG_ANALYZER_NUMBER_OBJECT_CONVERSION = YES_AGGRESSIVE;
				CLANG_CXX_LANGUAGE_STANDARD = "gnu++14";
				CLANG_CXX_LIBRARY = "libc++";
				CLANG_ENABLE_MODULES = YES;
				CLANG_ENABLE_OBJC_ARC = YES;
				CLANG_ENABLE_OBJC_WEAK = YES;
				CLANG_WARN_BLOCK_CAPTURE_AUTORELEASING = YES;
				CLANG_WARN_BOOL_CONVERSION = YES;
				CLANG_WARN_COMMA = YES;
				CLANG_WARN_CONSTANT_CONVERSION = YES;
				CLANG_WARN_DEPRECATED_OBJC_IMPLEMENTATIONS = YES;
				CLANG_WARN_DIRECT_OBJC_ISA_USAGE = YES_ERROR;
				CLANG_WARN_DOCUMENTATION_COMMENTS = YES;
				CLANG_WARN_EMPTY_BODY = YES;
				CLANG_WARN_ENUM_CONVERSION = YES;
				CLANG_WARN_INFINITE_RECURSION = YES;
				CLANG_WARN_INT_CONVERSION = YES;
				CLANG_WARN_NON_LITERAL_NULL_CONVERSION = YES;
				CLANG_WARN_OBJC_IMPLICIT_RETAIN_SELF = YES;
				CLANG_WARN_OBJC_LITERAL_CONVERSION = YES;
				CLANG_WARN_OBJC_ROOT_CLASS = YES_ERROR;
				CLANG_WARN_RANGE_LOOP_ANALYSIS = YES;
				CLANG_WARN_STRICT_PROTOTYPES = YES;
				CLANG_WARN_SUSPICIOUS_MOVE = YES;
				CLANG_WARN_UNGUARDED_AVAILABILITY = YES_AGGRESSIVE;
				CLANG_WARN_UNREACHABLE_CODE = YES;
				CLANG_WARN__DUPLICATE_METHOD_MATCH = YES;
				COPY_PHASE_STRIP = NO;
				DEBUG_INFORMATION_FORMAT = dwarf;
				ENABLE_STRICT_OBJC_MSGSEND = YES;
				ENABLE_TESTABILITY = YES;
				GCC_C_LANGUAGE_STANDARD = gnu11;
				GCC_DYNAMIC_NO_PIC = NO;
				GCC_NO_COMMON_BLOCKS = YES;
				GCC_OPTIMIZATION_LEVEL = 0;
				GCC_PREPROCESSOR_DEFINITIONS = (
					"DEBUG=1",
					"$(inherited)",
				);
				GCC_WARN_64_TO_32_BIT_CONVERSION = YES;
				GCC_WARN_ABOUT_RETURN_TYPE = YES_ERROR;
				GCC_WARN_UNDECLARED_SELECTOR = YES;
				GCC_WARN_UNINITIALIZED_AUTOS = YES_AGGRESSIVE;
				GCC_WARN_UNUSED_FUNCTION = YES;
				GCC_WARN_UNUSED_VARIABLE = YES;
				IPHONEOS_DEPLOYMENT_TARGET = 13.4;
				MTL_ENABLE_DEBUG_INFO = INCLUDE_SOURCE;
				MTL_FAST_MATH = YES;
				ONLY_ACTIVE_ARCH = YES;
				SDKROOT = iphoneos;
				SWIFT_ACTIVE_COMPILATION_CONDITIONS = DEBUG;
				SWIFT_OPTIMIZATION_LEVEL = "-Onone";
			};
			name = Debug;
		};
		0477332A250CCD1C00D03F15 /* Release */ = {
			isa = XCBuildConfiguration;
			buildSettings = {
				ALWAYS_SEARCH_USER_PATHS = NO;
				CLANG_ANALYZER_NONNULL = YES;
				CLANG_ANALYZER_NUMBER_OBJECT_CONVERSION = YES_AGGRESSIVE;
				CLANG_CXX_LANGUAGE_STANDARD = "gnu++14";
				CLANG_CXX_LIBRARY = "libc++";
				CLANG_ENABLE_MODULES = YES;
				CLANG_ENABLE_OBJC_ARC = YES;
				CLANG_ENABLE_OBJC_WEAK = YES;
				CLANG_WARN_BLOCK_CAPTURE_AUTORELEASING = YES;
				CLANG_WARN_BOOL_CONVERSION = YES;
				CLANG_WARN_COMMA = YES;
				CLANG_WARN_CONSTANT_CONVERSION = YES;
				CLANG_WARN_DEPRECATED_OBJC_IMPLEMENTATIONS = YES;
				CLANG_WARN_DIRECT_OBJC_ISA_USAGE = YES_ERROR;
				CLANG_WARN_DOCUMENTATION_COMMENTS = YES;
				CLANG_WARN_EMPTY_BODY = YES;
				CLANG_WARN_ENUM_CONVERSION = YES;
				CLANG_WARN_INFINITE_RECURSION = YES;
				CLANG_WARN_INT_CONVERSION = YES;
				CLANG_WARN_NON_LITERAL_NULL_CONVERSION = YES;
				CLANG_WARN_OBJC_IMPLICIT_RETAIN_SELF = YES;
				CLANG_WARN_OBJC_LITERAL_CONVERSION = YES;
				CLANG_WARN_OBJC_ROOT_CLASS = YES_ERROR;
				CLANG_WARN_RANGE_LOOP_ANALYSIS = YES;
				CLANG_WARN_STRICT_PROTOTYPES = YES;
				CLANG_WARN_SUSPICIOUS_MOVE = YES;
				CLANG_WARN_UNGUARDED_AVAILABILITY = YES_AGGRESSIVE;
				CLANG_WARN_UNREACHABLE_CODE = YES;
				CLANG_WARN__DUPLICATE_METHOD_MATCH = YES;
				COPY_PHASE_STRIP = NO;
				DEBUG_INFORMATION_FORMAT = "dwarf-with-dsym";
				ENABLE_NS_ASSERTIONS = NO;
				ENABLE_STRICT_OBJC_MSGSEND = YES;
				GCC_C_LANGUAGE_STANDARD = gnu11;
				GCC_NO_COMMON_BLOCKS = YES;
				GCC_WARN_64_TO_32_BIT_CONVERSION = YES;
				GCC_WARN_ABOUT_RETURN_TYPE = YES_ERROR;
				GCC_WARN_UNDECLARED_SELECTOR = YES;
				GCC_WARN_UNINITIALIZED_AUTOS = YES_AGGRESSIVE;
				GCC_WARN_UNUSED_FUNCTION = YES;
				GCC_WARN_UNUSED_VARIABLE = YES;
				IPHONEOS_DEPLOYMENT_TARGET = 13.4;
				MTL_ENABLE_DEBUG_INFO = NO;
				MTL_FAST_MATH = YES;
				SDKROOT = iphoneos;
				SWIFT_COMPILATION_MODE = wholemodule;
				SWIFT_OPTIMIZATION_LEVEL = "-O";
				VALIDATE_PRODUCT = YES;
			};
			name = Release;
		};
		0477332C250CCD1C00D03F15 /* Debug */ = {
			isa = XCBuildConfiguration;
			buildSettings = {
				ASSETCATALOG_COMPILER_APPICON_NAME = AppIcon;
				CODE_SIGN_STYLE = Automatic;
				INFOPLIST_FILE = WallExample/Info.plist;
				LD_RUNPATH_SEARCH_PATHS = (
					"$(inherited)",
					"@executable_path/Frameworks",
				);
				PRODUCT_BUNDLE_IDENTIFIER = com.fullstack.WallExample;
				PRODUCT_NAME = "$(TARGET_NAME)";
				SWIFT_VERSION = 5.0;
				TARGETED_DEVICE_FAMILY = 1;
			};
			name = Debug;
		};
		0477332D250CCD1C00D03F15 /* Release */ = {
			isa = XCBuildConfiguration;
			buildSettings = {
				ASSETCATALOG_COMPILER_APPICON_NAME = AppIcon;
				CODE_SIGN_STYLE = Automatic;
				INFOPLIST_FILE = WallExample/Info.plist;
				LD_RUNPATH_SEARCH_PATHS = (
					"$(inherited)",
					"@executable_path/Frameworks",
				);
				PRODUCT_BUNDLE_IDENTIFIER = com.fullstack.WallExample;
				PRODUCT_NAME = "$(TARGET_NAME)";
				SWIFT_VERSION = 5.0;
				TARGETED_DEVICE_FAMILY = 1;
			};
			name = Release;
		};
		0477332F250CCD1C00D03F15 /* Debug */ = {
			isa = XCBuildConfiguration;
			buildSettings = {
				ALWAYS_EMBED_SWIFT_STANDARD_LIBRARIES = YES;
				BUNDLE_LOADER = "$(TEST_HOST)";
				CODE_SIGN_STYLE = Automatic;
				INFOPLIST_FILE = WallExampleTests/Info.plist;
				IPHONEOS_DEPLOYMENT_TARGET = 13.4;
				LD_RUNPATH_SEARCH_PATHS = (
					"$(inherited)",
					"@executable_path/Frameworks",
					"@loader_path/Frameworks",
				);
				PRODUCT_BUNDLE_IDENTIFIER = com.fullstack.WallExampleTests;
				PRODUCT_NAME = "$(TARGET_NAME)";
				SWIFT_VERSION = 5.0;
				TARGETED_DEVICE_FAMILY = "1,2";
				TEST_HOST = "$(BUILT_PRODUCTS_DIR)/WallExample.app/WallExample";
			};
			name = Debug;
		};
		04773330250CCD1C00D03F15 /* Release */ = {
			isa = XCBuildConfiguration;
			buildSettings = {
				ALWAYS_EMBED_SWIFT_STANDARD_LIBRARIES = YES;
				BUNDLE_LOADER = "$(TEST_HOST)";
				CODE_SIGN_STYLE = Automatic;
				INFOPLIST_FILE = WallExampleTests/Info.plist;
				IPHONEOS_DEPLOYMENT_TARGET = 13.4;
				LD_RUNPATH_SEARCH_PATHS = (
					"$(inherited)",
					"@executable_path/Frameworks",
					"@loader_path/Frameworks",
				);
				PRODUCT_BUNDLE_IDENTIFIER = com.fullstack.WallExampleTests;
				PRODUCT_NAME = "$(TARGET_NAME)";
				SWIFT_VERSION = 5.0;
				TARGETED_DEVICE_FAMILY = "1,2";
				TEST_HOST = "$(BUILT_PRODUCTS_DIR)/WallExample.app/WallExample";
			};
			name = Release;
		};
/* End XCBuildConfiguration section */

/* Begin XCConfigurationList section */
		04773304250CCD1B00D03F15 /* Build configuration list for PBXProject "WallExample" */ = {
			isa = XCConfigurationList;
			buildConfigurations = (
				04773329250CCD1C00D03F15 /* Debug */,
				0477332A250CCD1C00D03F15 /* Release */,
			);
			defaultConfigurationIsVisible = 0;
			defaultConfigurationName = Release;
		};
		0477332B250CCD1C00D03F15 /* Build configuration list for PBXNativeTarget "WallExample" */ = {
			isa = XCConfigurationList;
			buildConfigurations = (
				0477332C250CCD1C00D03F15 /* Debug */,
				0477332D250CCD1C00D03F15 /* Release */,
			);
			defaultConfigurationIsVisible = 0;
			defaultConfigurationName = Release;
		};
		0477332E250CCD1C00D03F15 /* Build configuration list for PBXNativeTarget "WallExampleTests" */ = {
			isa = XCConfigurationList;
			buildConfigurations = (
				0477332F250CCD1C00D03F15 /* Debug */,
				04773330250CCD1C00D03F15 /* Release */,
			);
			defaultConfigurationIsVisible = 0;
			defaultConfigurationName = Release;
		};
/* End XCConfigurationList section */

/* Begin XCVersionGroup section */
		04773315250CCD1B00D03F15 /* WallExample.xcdatamodeld */ = {
			isa = XCVersionGroup;
			children = (
				04773316250CCD1B00D03F15 /* WallExample.xcdatamodel */,
			);
			currentVersion = 04773316250CCD1B00D03F15 /* WallExample.xcdatamodel */;
			path = WallExample.xcdatamodeld;
			sourceTree = "<group>";
			versionGroupType = wrapper.xcdatamodel;
		};
/* End XCVersionGroup section */
	};
	rootObject = 04773301250CCD1B00D03F15 /* Project object */;
}
